// !$*UTF8*$!
{
	archiveVersion = 1;
	classes = {
	};
	objectVersion = 56;
	objects = {

/* Begin PBXBuildFile section */
		483975DC2CA570FA004C495A /* MemoListWrapper.swift in Sources */ = {isa = PBXBuildFile; fileRef = 483975DB2CA570FA004C495A /* MemoListWrapper.swift */; };
		483975DF2CA5A7A7004C495A /* FontWrapper.swift in Sources */ = {isa = PBXBuildFile; fileRef = 483975DE2CA5A7A7004C495A /* FontWrapper.swift */; };
		483975E22CA5AE6B004C495A /* BinggraeII.otf in Resources */ = {isa = PBXBuildFile; fileRef = 483975E12CA5AE6B004C495A /* BinggraeII.otf */; };
		483975E42CA68DC8004C495A /* GIFView.swift in Sources */ = {isa = PBXBuildFile; fileRef = 483975E32CA68DC8004C495A /* GIFView.swift */; };
		483975E92CA6979C004C495A /* cat_anigif_5sec.gif in Resources */ = {isa = PBXBuildFile; fileRef = 483975E82CA6979C004C495A /* cat_anigif_5sec.gif */; };
		483975F32CA6B28F004C495A /* OnboardingView.swift in Sources */ = {isa = PBXBuildFile; fileRef = 483975F22CA6B28F004C495A /* OnboardingView.swift */; };
		483975F52CA6D42E004C495A /* ContentViewModel.swift in Sources */ = {isa = PBXBuildFile; fileRef = 483975F42CA6D42E004C495A /* ContentViewModel.swift */; };
		483975FA2CA7AF3B004C495A /* SettingView.swift in Sources */ = {isa = PBXBuildFile; fileRef = 483975F92CA7AF3B004C495A /* SettingView.swift */; };
		483975FC2CA7BF9D004C495A /* SettingViewModel.swift in Sources */ = {isa = PBXBuildFile; fileRef = 483975FB2CA7BF9D004C495A /* SettingViewModel.swift */; };
		483975FE2CA800CF004C495A /* EditNicknameView.swift in Sources */ = {isa = PBXBuildFile; fileRef = 483975FD2CA800CF004C495A /* EditNicknameView.swift */; };
		483976002CA801CF004C495A /* UserDefaultManager.swift in Sources */ = {isa = PBXBuildFile; fileRef = 483975FF2CA801CF004C495A /* UserDefaultManager.swift */; };
		483976042CA85347004C495A /* ToastModifier.swift in Sources */ = {isa = PBXBuildFile; fileRef = 483976032CA85347004C495A /* ToastModifier.swift */; };
		483976062CA8536F004C495A /* ToastView.swift in Sources */ = {isa = PBXBuildFile; fileRef = 483976052CA8536F004C495A /* ToastView.swift */; };
		483976082CA85390004C495A /* Toast.swift in Sources */ = {isa = PBXBuildFile; fileRef = 483976072CA85390004C495A /* Toast.swift */; };
		483BAE932CAC569E007DABFA /* NotificationPublisher.swift in Sources */ = {isa = PBXBuildFile; fileRef = 483BAE922CAC569E007DABFA /* NotificationPublisher.swift */; };
		483BAE952CAD5FB3007DABFA /* MyBookDTO.swift in Sources */ = {isa = PBXBuildFile; fileRef = 483BAE942CAD5FB3007DABFA /* MyBookDTO.swift */; };
		483BAE972CAFC0B3007DABFA /* AppVersionManager.swift in Sources */ = {isa = PBXBuildFile; fileRef = 483BAE962CAFC0B3007DABFA /* AppVersionManager.swift */; };
		483DBBCB2C90376C00C775BF /* CheakBbangApp.swift in Sources */ = {isa = PBXBuildFile; fileRef = 483DBBCA2C90376C00C775BF /* CheakBbangApp.swift */; };
		483DBBCF2C90376E00C775BF /* Assets.xcassets in Resources */ = {isa = PBXBuildFile; fileRef = 483DBBCE2C90376E00C775BF /* Assets.xcassets */; };
		483DBBD22C90376E00C775BF /* Preview Assets.xcassets in Resources */ = {isa = PBXBuildFile; fileRef = 483DBBD12C90376E00C775BF /* Preview Assets.xcassets */; };
		483DBBDD2C903A7600C775BF /* Localizable.xcstrings in Resources */ = {isa = PBXBuildFile; fileRef = 483DBBDC2C903A7600C775BF /* Localizable.xcstrings */; };
		483DBBE02C903AD200C775BF /* CatBookListView.swift in Sources */ = {isa = PBXBuildFile; fileRef = 483DBBDF2C903AD200C775BF /* CatBookListView.swift */; };
		483DBBE62C903C9300C775BF /* Alamofire in Frameworks */ = {isa = PBXBuildFile; productRef = 483DBBE52C903C9300C775BF /* Alamofire */; };
		483DBBE92C903D1200C775BF /* BookRouter.swift in Sources */ = {isa = PBXBuildFile; fileRef = 483DBBE82C903D1200C775BF /* BookRouter.swift */; };
		483DBBF72C9154C500C775BF /* NetworkManager.swift in Sources */ = {isa = PBXBuildFile; fileRef = 483DBBF62C9154C500C775BF /* NetworkManager.swift */; };
		483DBBFA2C915A9400C775BF /* Book.swift in Sources */ = {isa = PBXBuildFile; fileRef = 483DBBF92C915A9400C775BF /* Book.swift */; };
		483DBBFE2C9160CF00C775BF /* TargetType.swift in Sources */ = {isa = PBXBuildFile; fileRef = 483DBBFD2C9160CF00C775BF /* TargetType.swift */; };
		483DBC032C916CC200C775BF /* SearchView.swift in Sources */ = {isa = PBXBuildFile; fileRef = 483DBC022C916CC200C775BF /* SearchView.swift */; };
		483DBC062C916EC400C775BF /* NavigationLazyView.swift in Sources */ = {isa = PBXBuildFile; fileRef = 483DBC052C916EC400C775BF /* NavigationLazyView.swift */; };
		483DBC082C9170F300C775BF /* SearchViewModel.swift in Sources */ = {isa = PBXBuildFile; fileRef = 483DBC072C9170F300C775BF /* SearchViewModel.swift */; };
		483DBC0A2C91723D00C775BF /* ViewModelType.swift in Sources */ = {isa = PBXBuildFile; fileRef = 483DBC092C91723D00C775BF /* ViewModelType.swift */; };
		483DBC0D2C91789100C775BF /* AddBookView.swift in Sources */ = {isa = PBXBuildFile; fileRef = 483DBC0C2C91789100C775BF /* AddBookView.swift */; };
		483DBC0F2C917A0E00C775BF /* AddBookViewModel.swift in Sources */ = {isa = PBXBuildFile; fileRef = 483DBC0E2C917A0E00C775BF /* AddBookViewModel.swift */; };
		483DBC1E2C92A2A900C775BF /* MyBook.swift in Sources */ = {isa = PBXBuildFile; fileRef = 483DBC1D2C92A2A900C775BF /* MyBook.swift */; };
		483DBC202C92AD5200C775BF /* MyBookRepository.swift in Sources */ = {isa = PBXBuildFile; fileRef = 483DBC1F2C92AD5200C775BF /* MyBookRepository.swift */; };
		483DBC2A2C92B6EA00C775BF /* PhotoFileManager.swift in Sources */ = {isa = PBXBuildFile; fileRef = 483DBC292C92B6EA00C775BF /* PhotoFileManager.swift */; };
		483DBC2D2C92B72900C775BF /* RealmSwift in Frameworks */ = {isa = PBXBuildFile; productRef = 483DBC2C2C92B72900C775BF /* RealmSwift */; };
		483DBC2F2C92E32D00C775BF /* String+.swift in Sources */ = {isa = PBXBuildFile; fileRef = 483DBC2E2C92E32D00C775BF /* String+.swift */; };
		483DBC332C93276A00C775BF /* AsyncImageWrapper.swift in Sources */ = {isa = PBXBuildFile; fileRef = 483DBC322C93276A00C775BF /* AsyncImageWrapper.swift */; };
		483DBC352C932A1A00C775BF /* ButtonWrapper.swift in Sources */ = {isa = PBXBuildFile; fileRef = 483DBC342C932A1A00C775BF /* ButtonWrapper.swift */; };
		483DBC372C93469500C775BF /* AddBookAniView.swift in Sources */ = {isa = PBXBuildFile; fileRef = 483DBC362C93469500C775BF /* AddBookAniView.swift */; };
		483DBC392C94281100C775BF /* ContentView.swift in Sources */ = {isa = PBXBuildFile; fileRef = 483DBC382C94281100C775BF /* ContentView.swift */; };
		483DBC3B2C94301300C775BF /* CatBookListViewModel.swift in Sources */ = {isa = PBXBuildFile; fileRef = 483DBC3A2C94301300C775BF /* CatBookListViewModel.swift */; };
		483DBC3E2C955ACE00C775BF /* LibraryView.swift in Sources */ = {isa = PBXBuildFile; fileRef = 483DBC3D2C955ACE00C775BF /* LibraryView.swift */; };
		483DBC402C955CEF00C775BF /* LibraryViewModel.swift in Sources */ = {isa = PBXBuildFile; fileRef = 483DBC3F2C955CEF00C775BF /* LibraryViewModel.swift */; };
		48D09A132C95D209000328E3 /* LibraryTab.swift in Sources */ = {isa = PBXBuildFile; fileRef = 48D09A122C95D209000328E3 /* LibraryTab.swift */; };
		48D09A152C95D316000328E3 /* MyLibraryView.swift in Sources */ = {isa = PBXBuildFile; fileRef = 48D09A142C95D316000328E3 /* MyLibraryView.swift */; };
		48D09A172C967D80000328E3 /* AllLibraryView.swift in Sources */ = {isa = PBXBuildFile; fileRef = 48D09A162C967D80000328E3 /* AllLibraryView.swift */; };
		48D09A192C968163000328E3 /* DesignSystem.swift in Sources */ = {isa = PBXBuildFile; fileRef = 48D09A182C968163000328E3 /* DesignSystem.swift */; };
		48D09A1C2C96D6B1000328E3 /* BookDetailView.swift in Sources */ = {isa = PBXBuildFile; fileRef = 48D09A1B2C96D6B1000328E3 /* BookDetailView.swift */; };
		48D09A1E2C9732F7000328E3 /* BookDetailViewModel.swift in Sources */ = {isa = PBXBuildFile; fileRef = 48D09A1D2C9732F7000328E3 /* BookDetailViewModel.swift */; };
		48D09A202C98243C000328E3 /* BookListRow.swift in Sources */ = {isa = PBXBuildFile; fileRef = 48D09A1F2C98243C000328E3 /* BookListRow.swift */; };
		48D09A222C9825D9000328E3 /* BookCover.swift in Sources */ = {isa = PBXBuildFile; fileRef = 48D09A212C9825D9000328E3 /* BookCover.swift */; };
		48D09A232C9916C4000328E3 /* RealmSwift in Embed Frameworks */ = {isa = PBXBuildFile; productRef = 483DBC2C2C92B72900C775BF /* RealmSwift */; settings = {ATTRIBUTES = (CodeSignOnCopy, ); }; };
		48D09A282C991E1A000328E3 /* CaplusButton.swift in Sources */ = {isa = PBXBuildFile; fileRef = 48D09A272C991E19000328E3 /* CaplusButton.swift */; };
		48D09A2A2C9965CE000328E3 /* Date+.swift in Sources */ = {isa = PBXBuildFile; fileRef = 48D09A292C9965CE000328E3 /* Date+.swift */; };
		48D09A2C2C997CA8000328E3 /* ReadingState.swift in Sources */ = {isa = PBXBuildFile; fileRef = 48D09A2B2C997CA8000328E3 /* ReadingState.swift */; };
		48D09A2E2C9AE905000328E3 /* SearchResultDetailView.swift in Sources */ = {isa = PBXBuildFile; fileRef = 48D09A2D2C9AE905000328E3 /* SearchResultDetailView.swift */; };
		48D09A332C9AF071000328E3 /* SearchResultDetailViewModel.swift in Sources */ = {isa = PBXBuildFile; fileRef = 48D09A322C9AF071000328E3 /* SearchResultDetailViewModel.swift */; };
		48D09A352C9B2123000328E3 /* RratingHeartView.swift in Sources */ = {isa = PBXBuildFile; fileRef = 48D09A342C9B2123000328E3 /* RratingHeartView.swift */; };
		48D09A382C9B222D000328E3 /* Cosmos in Frameworks */ = {isa = PBXBuildFile; productRef = 48D09A372C9B222D000328E3 /* Cosmos */; };
		48D09A3B2C9BEF88000328E3 /* EditBookView.swift in Sources */ = {isa = PBXBuildFile; fileRef = 48D09A3A2C9BEF88000328E3 /* EditBookView.swift */; };
		48D09A3D2C9BFF64000328E3 /* EditBookViewModel.swift in Sources */ = {isa = PBXBuildFile; fileRef = 48D09A3C2C9BFF64000328E3 /* EditBookViewModel.swift */; };
		48D09A3F2C9C093F000328E3 /* RadioButton.swift in Sources */ = {isa = PBXBuildFile; fileRef = 48D09A3E2C9C093F000328E3 /* RadioButton.swift */; };
		48D09A422C9C2AD0000328E3 /* AddMemoView.swift in Sources */ = {isa = PBXBuildFile; fileRef = 48D09A412C9C2AD0000328E3 /* AddMemoView.swift */; };
		48D09A4E2C9D63C7000328E3 /* OCRView.swift in Sources */ = {isa = PBXBuildFile; fileRef = 48D09A4D2C9D63C7000328E3 /* OCRView.swift */; };
		48D09A5A2C9E6399000328E3 /* Image+.swift in Sources */ = {isa = PBXBuildFile; fileRef = 48D09A592C9E6399000328E3 /* Image+.swift */; };
		48D09A5C2C9E6E77000328E3 /* AddMemoViewModel.swift in Sources */ = {isa = PBXBuildFile; fileRef = 48D09A5B2C9E6E77000328E3 /* AddMemoViewModel.swift */; };
		48D09A622C9EE11D000328E3 /* CameraService.swift in Sources */ = {isa = PBXBuildFile; fileRef = 48D09A612C9EE11D000328E3 /* CameraService.swift */; };
		48D09A642C9EE184000328E3 /* CameraView.swift in Sources */ = {isa = PBXBuildFile; fileRef = 48D09A632C9EE184000328E3 /* CameraView.swift */; };
		48D09A682C9F16D1000328E3 /* MyCanvas.swift in Sources */ = {isa = PBXBuildFile; fileRef = 48D09A672C9F16D1000328E3 /* MyCanvas.swift */; };
		48D09A6A2C9FB885000328E3 /* TextBubble.swift in Sources */ = {isa = PBXBuildFile; fileRef = 48D09A692C9FB885000328E3 /* TextBubble.swift */; };
		48D09A6C2C9FE209000328E3 /* .gitignore in Resources */ = {isa = PBXBuildFile; fileRef = 48D09A6B2C9FE209000328E3 /* .gitignore */; };
		48D09A6E2C9FE247000328E3 /* APIKeys.swift in Sources */ = {isa = PBXBuildFile; fileRef = 48D09A6D2C9FE247000328E3 /* APIKeys.swift */; };
		48D09A702CA053D3000328E3 /* DrawingView.swift in Sources */ = {isa = PBXBuildFile; fileRef = 48D09A6F2CA053D3000328E3 /* DrawingView.swift */; };
		48D09A722CA05FB8000328E3 /* FullCapsuleButton.swift in Sources */ = {isa = PBXBuildFile; fileRef = 48D09A712CA05FB8000328E3 /* FullCapsuleButton.swift */; };
		48D09A752CA15EA4000328E3 /* MemoList.swift in Sources */ = {isa = PBXBuildFile; fileRef = 48D09A742CA15EA4000328E3 /* MemoList.swift */; };
		48D09A772CA27EDC000328E3 /* View+.swift in Sources */ = {isa = PBXBuildFile; fileRef = 48D09A762CA27EDC000328E3 /* View+.swift */; };
		48D09A792CA29D08000328E3 /* UIApplication+.swift in Sources */ = {isa = PBXBuildFile; fileRef = 48D09A782CA29D08000328E3 /* UIApplication+.swift */; };
		48D09A832CA2F766000328E3 /* MemoView.swift in Sources */ = {isa = PBXBuildFile; fileRef = 48D09A822CA2F766000328E3 /* MemoView.swift */; };
		48D09A862CA3CB7D000328E3 /* MemoViewModel.swift in Sources */ = {isa = PBXBuildFile; fileRef = 48D09A852CA3CB7D000328E3 /* MemoViewModel.swift */; };
		48D09A882CA3DF0E000328E3 /* URL+.swift in Sources */ = {isa = PBXBuildFile; fileRef = 48D09A872CA3DF0E000328E3 /* URL+.swift */; };
/* End PBXBuildFile section */

/* Begin PBXCopyFilesBuildPhase section */
		48D09A242C9916C4000328E3 /* Embed Frameworks */ = {
			isa = PBXCopyFilesBuildPhase;
			buildActionMask = 2147483647;
			dstPath = "";
			dstSubfolderSpec = 10;
			files = (
				48D09A232C9916C4000328E3 /* RealmSwift in Embed Frameworks */,
			);
			name = "Embed Frameworks";
			runOnlyForDeploymentPostprocessing = 0;
		};
/* End PBXCopyFilesBuildPhase section */

/* Begin PBXFileReference section */
		483975DB2CA570FA004C495A /* MemoListWrapper.swift */ = {isa = PBXFileReference; lastKnownFileType = sourcecode.swift; path = MemoListWrapper.swift; sourceTree = "<group>"; };
		483975DE2CA5A7A7004C495A /* FontWrapper.swift */ = {isa = PBXFileReference; lastKnownFileType = sourcecode.swift; path = FontWrapper.swift; sourceTree = "<group>"; };
		483975E12CA5AE6B004C495A /* BinggraeII.otf */ = {isa = PBXFileReference; lastKnownFileType = file; path = BinggraeII.otf; sourceTree = "<group>"; };
		483975E32CA68DC8004C495A /* GIFView.swift */ = {isa = PBXFileReference; lastKnownFileType = sourcecode.swift; path = GIFView.swift; sourceTree = "<group>"; };
		483975E82CA6979C004C495A /* cat_anigif_5sec.gif */ = {isa = PBXFileReference; lastKnownFileType = image.gif; path = cat_anigif_5sec.gif; sourceTree = "<group>"; };
		483975F22CA6B28F004C495A /* OnboardingView.swift */ = {isa = PBXFileReference; lastKnownFileType = sourcecode.swift; path = OnboardingView.swift; sourceTree = "<group>"; };
		483975F42CA6D42E004C495A /* ContentViewModel.swift */ = {isa = PBXFileReference; lastKnownFileType = sourcecode.swift; path = ContentViewModel.swift; sourceTree = "<group>"; };
		483975F92CA7AF3B004C495A /* SettingView.swift */ = {isa = PBXFileReference; lastKnownFileType = sourcecode.swift; path = SettingView.swift; sourceTree = "<group>"; };
		483975FB2CA7BF9D004C495A /* SettingViewModel.swift */ = {isa = PBXFileReference; lastKnownFileType = sourcecode.swift; path = SettingViewModel.swift; sourceTree = "<group>"; };
		483975FD2CA800CF004C495A /* EditNicknameView.swift */ = {isa = PBXFileReference; lastKnownFileType = sourcecode.swift; path = EditNicknameView.swift; sourceTree = "<group>"; };
		483975FF2CA801CF004C495A /* UserDefaultManager.swift */ = {isa = PBXFileReference; lastKnownFileType = sourcecode.swift; path = UserDefaultManager.swift; sourceTree = "<group>"; };
		483976032CA85347004C495A /* ToastModifier.swift */ = {isa = PBXFileReference; lastKnownFileType = sourcecode.swift; path = ToastModifier.swift; sourceTree = "<group>"; };
		483976052CA8536F004C495A /* ToastView.swift */ = {isa = PBXFileReference; lastKnownFileType = sourcecode.swift; path = ToastView.swift; sourceTree = "<group>"; };
		483976072CA85390004C495A /* Toast.swift */ = {isa = PBXFileReference; lastKnownFileType = sourcecode.swift; path = Toast.swift; sourceTree = "<group>"; };
		483BAE922CAC569E007DABFA /* NotificationPublisher.swift */ = {isa = PBXFileReference; lastKnownFileType = sourcecode.swift; path = NotificationPublisher.swift; sourceTree = "<group>"; };
		483BAE942CAD5FB3007DABFA /* MyBookDTO.swift */ = {isa = PBXFileReference; lastKnownFileType = sourcecode.swift; path = MyBookDTO.swift; sourceTree = "<group>"; };
		483BAE962CAFC0B3007DABFA /* AppVersionManager.swift */ = {isa = PBXFileReference; lastKnownFileType = sourcecode.swift; path = AppVersionManager.swift; sourceTree = "<group>"; };
		483DBBC72C90376C00C775BF /* CheakBbang.app */ = {isa = PBXFileReference; explicitFileType = wrapper.application; includeInIndex = 0; path = CheakBbang.app; sourceTree = BUILT_PRODUCTS_DIR; };
		483DBBCA2C90376C00C775BF /* CheakBbangApp.swift */ = {isa = PBXFileReference; lastKnownFileType = sourcecode.swift; path = CheakBbangApp.swift; sourceTree = "<group>"; };
		483DBBCE2C90376E00C775BF /* Assets.xcassets */ = {isa = PBXFileReference; lastKnownFileType = folder.assetcatalog; path = Assets.xcassets; sourceTree = "<group>"; };
		483DBBD12C90376E00C775BF /* Preview Assets.xcassets */ = {isa = PBXFileReference; lastKnownFileType = folder.assetcatalog; path = "Preview Assets.xcassets"; sourceTree = "<group>"; };
		483DBBDC2C903A7600C775BF /* Localizable.xcstrings */ = {isa = PBXFileReference; lastKnownFileType = text.json.xcstrings; path = Localizable.xcstrings; sourceTree = "<group>"; };
		483DBBDF2C903AD200C775BF /* CatBookListView.swift */ = {isa = PBXFileReference; lastKnownFileType = sourcecode.swift; path = CatBookListView.swift; sourceTree = "<group>"; };
		483DBBE82C903D1200C775BF /* BookRouter.swift */ = {isa = PBXFileReference; lastKnownFileType = sourcecode.swift; path = BookRouter.swift; sourceTree = "<group>"; };
		483DBBF62C9154C500C775BF /* NetworkManager.swift */ = {isa = PBXFileReference; lastKnownFileType = sourcecode.swift; path = NetworkManager.swift; sourceTree = "<group>"; };
		483DBBF92C915A9400C775BF /* Book.swift */ = {isa = PBXFileReference; lastKnownFileType = sourcecode.swift; path = Book.swift; sourceTree = "<group>"; };
		483DBBFD2C9160CF00C775BF /* TargetType.swift */ = {isa = PBXFileReference; lastKnownFileType = sourcecode.swift; path = TargetType.swift; sourceTree = "<group>"; };
		483DBC022C916CC200C775BF /* SearchView.swift */ = {isa = PBXFileReference; lastKnownFileType = sourcecode.swift; path = SearchView.swift; sourceTree = "<group>"; };
		483DBC052C916EC400C775BF /* NavigationLazyView.swift */ = {isa = PBXFileReference; lastKnownFileType = sourcecode.swift; path = NavigationLazyView.swift; sourceTree = "<group>"; };
		483DBC072C9170F300C775BF /* SearchViewModel.swift */ = {isa = PBXFileReference; lastKnownFileType = sourcecode.swift; path = SearchViewModel.swift; sourceTree = "<group>"; };
		483DBC092C91723D00C775BF /* ViewModelType.swift */ = {isa = PBXFileReference; lastKnownFileType = sourcecode.swift; path = ViewModelType.swift; sourceTree = "<group>"; };
		483DBC0C2C91789100C775BF /* AddBookView.swift */ = {isa = PBXFileReference; lastKnownFileType = sourcecode.swift; path = AddBookView.swift; sourceTree = "<group>"; };
		483DBC0E2C917A0E00C775BF /* AddBookViewModel.swift */ = {isa = PBXFileReference; lastKnownFileType = sourcecode.swift; path = AddBookViewModel.swift; sourceTree = "<group>"; };
		483DBC1D2C92A2A900C775BF /* MyBook.swift */ = {isa = PBXFileReference; lastKnownFileType = sourcecode.swift; path = MyBook.swift; sourceTree = "<group>"; };
		483DBC1F2C92AD5200C775BF /* MyBookRepository.swift */ = {isa = PBXFileReference; lastKnownFileType = sourcecode.swift; path = MyBookRepository.swift; sourceTree = "<group>"; };
		483DBC292C92B6EA00C775BF /* PhotoFileManager.swift */ = {isa = PBXFileReference; lastKnownFileType = sourcecode.swift; path = PhotoFileManager.swift; sourceTree = "<group>"; };
		483DBC2E2C92E32D00C775BF /* String+.swift */ = {isa = PBXFileReference; lastKnownFileType = sourcecode.swift; path = "String+.swift"; sourceTree = "<group>"; };
		483DBC322C93276A00C775BF /* AsyncImageWrapper.swift */ = {isa = PBXFileReference; lastKnownFileType = sourcecode.swift; path = AsyncImageWrapper.swift; sourceTree = "<group>"; };
		483DBC342C932A1A00C775BF /* ButtonWrapper.swift */ = {isa = PBXFileReference; lastKnownFileType = sourcecode.swift; path = ButtonWrapper.swift; sourceTree = "<group>"; };
		483DBC362C93469500C775BF /* AddBookAniView.swift */ = {isa = PBXFileReference; lastKnownFileType = sourcecode.swift; path = AddBookAniView.swift; sourceTree = "<group>"; };
		483DBC382C94281100C775BF /* ContentView.swift */ = {isa = PBXFileReference; lastKnownFileType = sourcecode.swift; path = ContentView.swift; sourceTree = "<group>"; };
		483DBC3A2C94301300C775BF /* CatBookListViewModel.swift */ = {isa = PBXFileReference; lastKnownFileType = sourcecode.swift; path = CatBookListViewModel.swift; sourceTree = "<group>"; };
		483DBC3D2C955ACE00C775BF /* LibraryView.swift */ = {isa = PBXFileReference; lastKnownFileType = sourcecode.swift; path = LibraryView.swift; sourceTree = "<group>"; };
		483DBC3F2C955CEF00C775BF /* LibraryViewModel.swift */ = {isa = PBXFileReference; lastKnownFileType = sourcecode.swift; path = LibraryViewModel.swift; sourceTree = "<group>"; };
		48D09A122C95D209000328E3 /* LibraryTab.swift */ = {isa = PBXFileReference; lastKnownFileType = sourcecode.swift; path = LibraryTab.swift; sourceTree = "<group>"; };
		48D09A142C95D316000328E3 /* MyLibraryView.swift */ = {isa = PBXFileReference; lastKnownFileType = sourcecode.swift; path = MyLibraryView.swift; sourceTree = "<group>"; };
		48D09A162C967D80000328E3 /* AllLibraryView.swift */ = {isa = PBXFileReference; lastKnownFileType = sourcecode.swift; path = AllLibraryView.swift; sourceTree = "<group>"; };
		48D09A182C968163000328E3 /* DesignSystem.swift */ = {isa = PBXFileReference; lastKnownFileType = sourcecode.swift; path = DesignSystem.swift; sourceTree = "<group>"; };
		48D09A1B2C96D6B1000328E3 /* BookDetailView.swift */ = {isa = PBXFileReference; lastKnownFileType = sourcecode.swift; path = BookDetailView.swift; sourceTree = "<group>"; };
		48D09A1D2C9732F7000328E3 /* BookDetailViewModel.swift */ = {isa = PBXFileReference; lastKnownFileType = sourcecode.swift; path = BookDetailViewModel.swift; sourceTree = "<group>"; };
		48D09A1F2C98243C000328E3 /* BookListRow.swift */ = {isa = PBXFileReference; lastKnownFileType = sourcecode.swift; path = BookListRow.swift; sourceTree = "<group>"; };
		48D09A212C9825D9000328E3 /* BookCover.swift */ = {isa = PBXFileReference; lastKnownFileType = sourcecode.swift; path = BookCover.swift; sourceTree = "<group>"; };
		48D09A252C991839000328E3 /* Info.plist */ = {isa = PBXFileReference; lastKnownFileType = text.plist; path = Info.plist; sourceTree = "<group>"; };
		48D09A272C991E19000328E3 /* CaplusButton.swift */ = {isa = PBXFileReference; lastKnownFileType = sourcecode.swift; path = CaplusButton.swift; sourceTree = "<group>"; };
		48D09A292C9965CE000328E3 /* Date+.swift */ = {isa = PBXFileReference; lastKnownFileType = sourcecode.swift; path = "Date+.swift"; sourceTree = "<group>"; };
		48D09A2B2C997CA8000328E3 /* ReadingState.swift */ = {isa = PBXFileReference; lastKnownFileType = sourcecode.swift; path = ReadingState.swift; sourceTree = "<group>"; };
		48D09A2D2C9AE905000328E3 /* SearchResultDetailView.swift */ = {isa = PBXFileReference; lastKnownFileType = sourcecode.swift; path = SearchResultDetailView.swift; sourceTree = "<group>"; };
		48D09A322C9AF071000328E3 /* SearchResultDetailViewModel.swift */ = {isa = PBXFileReference; lastKnownFileType = sourcecode.swift; path = SearchResultDetailViewModel.swift; sourceTree = "<group>"; };
		48D09A342C9B2123000328E3 /* RratingHeartView.swift */ = {isa = PBXFileReference; lastKnownFileType = sourcecode.swift; path = RratingHeartView.swift; sourceTree = "<group>"; };
		48D09A3A2C9BEF88000328E3 /* EditBookView.swift */ = {isa = PBXFileReference; lastKnownFileType = sourcecode.swift; path = EditBookView.swift; sourceTree = "<group>"; };
		48D09A3C2C9BFF64000328E3 /* EditBookViewModel.swift */ = {isa = PBXFileReference; lastKnownFileType = sourcecode.swift; path = EditBookViewModel.swift; sourceTree = "<group>"; };
		48D09A3E2C9C093F000328E3 /* RadioButton.swift */ = {isa = PBXFileReference; lastKnownFileType = sourcecode.swift; path = RadioButton.swift; sourceTree = "<group>"; };
		48D09A412C9C2AD0000328E3 /* AddMemoView.swift */ = {isa = PBXFileReference; lastKnownFileType = sourcecode.swift; path = AddMemoView.swift; sourceTree = "<group>"; };
		48D09A4D2C9D63C7000328E3 /* OCRView.swift */ = {isa = PBXFileReference; lastKnownFileType = sourcecode.swift; path = OCRView.swift; sourceTree = "<group>"; };
		48D09A592C9E6399000328E3 /* Image+.swift */ = {isa = PBXFileReference; lastKnownFileType = sourcecode.swift; path = "Image+.swift"; sourceTree = "<group>"; };
		48D09A5B2C9E6E77000328E3 /* AddMemoViewModel.swift */ = {isa = PBXFileReference; lastKnownFileType = sourcecode.swift; path = AddMemoViewModel.swift; sourceTree = "<group>"; };
		48D09A612C9EE11D000328E3 /* CameraService.swift */ = {isa = PBXFileReference; lastKnownFileType = sourcecode.swift; path = CameraService.swift; sourceTree = "<group>"; };
		48D09A632C9EE184000328E3 /* CameraView.swift */ = {isa = PBXFileReference; lastKnownFileType = sourcecode.swift; path = CameraView.swift; sourceTree = "<group>"; };
		48D09A672C9F16D1000328E3 /* MyCanvas.swift */ = {isa = PBXFileReference; lastKnownFileType = sourcecode.swift; path = MyCanvas.swift; sourceTree = "<group>"; };
		48D09A692C9FB885000328E3 /* TextBubble.swift */ = {isa = PBXFileReference; lastKnownFileType = sourcecode.swift; path = TextBubble.swift; sourceTree = "<group>"; };
		48D09A6B2C9FE209000328E3 /* .gitignore */ = {isa = PBXFileReference; lastKnownFileType = text; path = .gitignore; sourceTree = "<group>"; };
		48D09A6D2C9FE247000328E3 /* APIKeys.swift */ = {isa = PBXFileReference; lastKnownFileType = sourcecode.swift; path = APIKeys.swift; sourceTree = "<group>"; };
		48D09A6F2CA053D3000328E3 /* DrawingView.swift */ = {isa = PBXFileReference; lastKnownFileType = sourcecode.swift; path = DrawingView.swift; sourceTree = "<group>"; };
		48D09A712CA05FB8000328E3 /* FullCapsuleButton.swift */ = {isa = PBXFileReference; lastKnownFileType = sourcecode.swift; path = FullCapsuleButton.swift; sourceTree = "<group>"; };
		48D09A742CA15EA4000328E3 /* MemoList.swift */ = {isa = PBXFileReference; lastKnownFileType = sourcecode.swift; path = MemoList.swift; sourceTree = "<group>"; };
		48D09A762CA27EDC000328E3 /* View+.swift */ = {isa = PBXFileReference; lastKnownFileType = sourcecode.swift; path = "View+.swift"; sourceTree = "<group>"; };
		48D09A782CA29D08000328E3 /* UIApplication+.swift */ = {isa = PBXFileReference; lastKnownFileType = sourcecode.swift; path = "UIApplication+.swift"; sourceTree = "<group>"; };
		48D09A822CA2F766000328E3 /* MemoView.swift */ = {isa = PBXFileReference; lastKnownFileType = sourcecode.swift; path = MemoView.swift; sourceTree = "<group>"; };
		48D09A852CA3CB7D000328E3 /* MemoViewModel.swift */ = {isa = PBXFileReference; lastKnownFileType = sourcecode.swift; path = MemoViewModel.swift; sourceTree = "<group>"; };
		48D09A872CA3DF0E000328E3 /* URL+.swift */ = {isa = PBXFileReference; lastKnownFileType = sourcecode.swift; path = "URL+.swift"; sourceTree = "<group>"; };
/* End PBXFileReference section */

/* Begin PBXFrameworksBuildPhase section */
		483DBBC42C90376C00C775BF /* Frameworks */ = {
			isa = PBXFrameworksBuildPhase;
			buildActionMask = 2147483647;
			files = (
				48D09A382C9B222D000328E3 /* Cosmos in Frameworks */,
				483DBC2D2C92B72900C775BF /* RealmSwift in Frameworks */,
				483DBBE62C903C9300C775BF /* Alamofire in Frameworks */,
			);
			runOnlyForDeploymentPostprocessing = 0;
		};
/* End PBXFrameworksBuildPhase section */

/* Begin PBXGroup section */
		483975DD2CA59253004C495A /* Memo */ = {
			isa = PBXGroup;
			children = (
				48D09A732CA15E81000328E3 /* MemoList */,
				48D09A842CA3CB55000328E3 /* MemoView */,
				48D09A402C9C2A44000328E3 /* AddMemo */,
			);
			path = Memo;
			sourceTree = "<group>";
		};
		483975E02CA5AE49004C495A /* Font */ = {
			isa = PBXGroup;
			children = (
				483975E12CA5AE6B004C495A /* BinggraeII.otf */,
			);
			path = Font;
			sourceTree = "<group>";
		};
		483975E52CA68F6A004C495A /* Video */ = {
			isa = PBXGroup;
			children = (
				483975E82CA6979C004C495A /* cat_anigif_5sec.gif */,
			);
			path = Video;
			sourceTree = "<group>";
		};
		483975F12CA6B266004C495A /* Onboarding */ = {
			isa = PBXGroup;
			children = (
				483975F22CA6B28F004C495A /* OnboardingView.swift */,
			);
			path = Onboarding;
			sourceTree = "<group>";
		};
		483975F82CA7AF15004C495A /* Setting */ = {
			isa = PBXGroup;
			children = (
				483975F92CA7AF3B004C495A /* SettingView.swift */,
				483975FB2CA7BF9D004C495A /* SettingViewModel.swift */,
				483975FD2CA800CF004C495A /* EditNicknameView.swift */,
			);
			path = Setting;
			sourceTree = "<group>";
		};
		483BAEC22CB3C52B007DABFA /* Book */ = {
			isa = PBXGroup;
			children = (
				48D09A1A2C96D69A000328E3 /* BookDetail */,
				483DBC0B2C91787D00C775BF /* AddBook */,
				48D09A392C9BEF5A000328E3 /* EditBook */,
			);
			path = Book;
			sourceTree = "<group>";
		};
		483BAEC32CB3C5B7007DABFA /* String */ = {
			isa = PBXGroup;
			children = (
				48D09A182C968163000328E3 /* DesignSystem.swift */,
				48D09A692C9FB885000328E3 /* TextBubble.swift */,
			);
			path = String;
			sourceTree = "<group>";
		};
		483DBBBE2C90376C00C775BF = {
			isa = PBXGroup;
			children = (
				48D09A6B2C9FE209000328E3 /* .gitignore */,
				483DBBC92C90376C00C775BF /* CheakBbang */,
				483DBBC82C90376C00C775BF /* Products */,
			);
			sourceTree = "<group>";
		};
		483DBBC82C90376C00C775BF /* Products */ = {
			isa = PBXGroup;
			children = (
				483DBBC72C90376C00C775BF /* CheakBbang.app */,
			);
			name = Products;
			sourceTree = "<group>";
		};
		483DBBC92C90376C00C775BF /* CheakBbang */ = {
			isa = PBXGroup;
			children = (
				48D09A252C991839000328E3 /* Info.plist */,
				48D09A312C9AEF95000328E3 /* CustomView */,
				48D09A262C991DDA000328E3 /* CustomModifier */,
				483DBC312C93273A00C775BF /* Wrapper */,
				483DBC302C9326A300C775BF /* Extension */,
				483DBC132C91E02200C775BF /* DataBase */,
				483DBC042C916EB000C775BF /* Helper */,
				483DBBF82C915A7C00C775BF /* Model */,
				483DBBE72C903CD100C775BF /* Network */,
				483975F82CA7AF15004C495A /* Setting */,
				483975DD2CA59253004C495A /* Memo */,
				483DBC3C2C955A8B00C775BF /* Library */,
				483BAEC22CB3C52B007DABFA /* Book */,
				483DBC012C916CB100C775BF /* Search */,
				483DBBDE2C903A9500C775BF /* CatBookList */,
				483975F12CA6B266004C495A /* Onboarding */,
				483DBBDB2C903A6000C775BF /* Localization */,
				483DBBD82C90378800C775BF /* Resource */,
				483DBBE12C903B0700C775BF /* App */,
				483DBBD02C90376E00C775BF /* Preview Content */,
			);
			path = CheakBbang;
			sourceTree = "<group>";
		};
		483DBBD02C90376E00C775BF /* Preview Content */ = {
			isa = PBXGroup;
			children = (
				483DBBD12C90376E00C775BF /* Preview Assets.xcassets */,
			);
			path = "Preview Content";
			sourceTree = "<group>";
		};
		483DBBD82C90378800C775BF /* Resource */ = {
			isa = PBXGroup;
			children = (
				483BAEC32CB3C5B7007DABFA /* String */,
				483975E52CA68F6A004C495A /* Video */,
				483975E02CA5AE49004C495A /* Font */,
				483DBBCE2C90376E00C775BF /* Assets.xcassets */,
				48D09A6D2C9FE247000328E3 /* APIKeys.swift */,
			);
			path = Resource;
			sourceTree = "<group>";
		};
		483DBBDB2C903A6000C775BF /* Localization */ = {
			isa = PBXGroup;
			children = (
				483DBBDC2C903A7600C775BF /* Localizable.xcstrings */,
			);
			path = Localization;
			sourceTree = "<group>";
		};
		483DBBDE2C903A9500C775BF /* CatBookList */ = {
			isa = PBXGroup;
			children = (
				483DBBDF2C903AD200C775BF /* CatBookListView.swift */,
				483DBC3A2C94301300C775BF /* CatBookListViewModel.swift */,
			);
			path = CatBookList;
			sourceTree = "<group>";
		};
		483DBBE12C903B0700C775BF /* App */ = {
			isa = PBXGroup;
			children = (
				483DBBCA2C90376C00C775BF /* CheakBbangApp.swift */,
				483DBC382C94281100C775BF /* ContentView.swift */,
				483975F42CA6D42E004C495A /* ContentViewModel.swift */,
			);
			path = App;
			sourceTree = "<group>";
		};
		483DBBE72C903CD100C775BF /* Network */ = {
			isa = PBXGroup;
			children = (
				483DBBE82C903D1200C775BF /* BookRouter.swift */,
				483DBBF62C9154C500C775BF /* NetworkManager.swift */,
				483DBBFD2C9160CF00C775BF /* TargetType.swift */,
			);
			path = Network;
			sourceTree = "<group>";
		};
		483DBBF82C915A7C00C775BF /* Model */ = {
			isa = PBXGroup;
			children = (
				483DBBF92C915A9400C775BF /* Book.swift */,
				48D09A122C95D209000328E3 /* LibraryTab.swift */,
				483976072CA85390004C495A /* Toast.swift */,
			);
			path = Model;
			sourceTree = "<group>";
		};
		483DBC012C916CB100C775BF /* Search */ = {
			isa = PBXGroup;
			children = (
				48D09A302C9AEF68000328E3 /* ResultDetail */,
				48D09A2F2C9AEF50000328E3 /* Result */,
			);
			path = Search;
			sourceTree = "<group>";
		};
		483DBC042C916EB000C775BF /* Helper */ = {
			isa = PBXGroup;
			children = (
				483DBC092C91723D00C775BF /* ViewModelType.swift */,
				483975FF2CA801CF004C495A /* UserDefaultManager.swift */,
				483BAE922CAC569E007DABFA /* NotificationPublisher.swift */,
				483BAE962CAFC0B3007DABFA /* AppVersionManager.swift */,
			);
			path = Helper;
			sourceTree = "<group>";
		};
		483DBC0B2C91787D00C775BF /* AddBook */ = {
			isa = PBXGroup;
			children = (
				483DBC0C2C91789100C775BF /* AddBookView.swift */,
				483DBC0E2C917A0E00C775BF /* AddBookViewModel.swift */,
				483DBC362C93469500C775BF /* AddBookAniView.swift */,
			);
			path = AddBook;
			sourceTree = "<group>";
		};
		483DBC132C91E02200C775BF /* DataBase */ = {
			isa = PBXGroup;
			children = (
				483DBC1D2C92A2A900C775BF /* MyBook.swift */,
				483DBC1F2C92AD5200C775BF /* MyBookRepository.swift */,
				483DBC292C92B6EA00C775BF /* PhotoFileManager.swift */,
				48D09A2B2C997CA8000328E3 /* ReadingState.swift */,
				483BAE942CAD5FB3007DABFA /* MyBookDTO.swift */,
			);
			path = DataBase;
			sourceTree = "<group>";
		};
		483DBC302C9326A300C775BF /* Extension */ = {
			isa = PBXGroup;
			children = (
				483DBC2E2C92E32D00C775BF /* String+.swift */,
				48D09A292C9965CE000328E3 /* Date+.swift */,
				48D09A592C9E6399000328E3 /* Image+.swift */,
				48D09A762CA27EDC000328E3 /* View+.swift */,
				48D09A782CA29D08000328E3 /* UIApplication+.swift */,
				48D09A872CA3DF0E000328E3 /* URL+.swift */,
			);
			path = Extension;
			sourceTree = "<group>";
		};
		483DBC312C93273A00C775BF /* Wrapper */ = {
			isa = PBXGroup;
			children = (
				483DBC052C916EC400C775BF /* NavigationLazyView.swift */,
				483DBC322C93276A00C775BF /* AsyncImageWrapper.swift */,
				483DBC342C932A1A00C775BF /* ButtonWrapper.swift */,
			);
			path = Wrapper;
			sourceTree = "<group>";
		};
		483DBC3C2C955A8B00C775BF /* Library */ = {
			isa = PBXGroup;
			children = (
				483DBC3D2C955ACE00C775BF /* LibraryView.swift */,
				483DBC3F2C955CEF00C775BF /* LibraryViewModel.swift */,
				48D09A162C967D80000328E3 /* AllLibraryView.swift */,
				48D09A142C95D316000328E3 /* MyLibraryView.swift */,
			);
			path = Library;
			sourceTree = "<group>";
		};
		48D09A1A2C96D69A000328E3 /* BookDetail */ = {
			isa = PBXGroup;
			children = (
				48D09A1B2C96D6B1000328E3 /* BookDetailView.swift */,
				48D09A1D2C9732F7000328E3 /* BookDetailViewModel.swift */,
			);
			path = BookDetail;
			sourceTree = "<group>";
		};
		48D09A262C991DDA000328E3 /* CustomModifier */ = {
			isa = PBXGroup;
			children = (
				48D09A272C991E19000328E3 /* CaplusButton.swift */,
				48D09A712CA05FB8000328E3 /* FullCapsuleButton.swift */,
				483975DE2CA5A7A7004C495A /* FontWrapper.swift */,
				483976032CA85347004C495A /* ToastModifier.swift */,
			);
			path = CustomModifier;
			sourceTree = "<group>";
		};
		48D09A2F2C9AEF50000328E3 /* Result */ = {
			isa = PBXGroup;
			children = (
				483DBC022C916CC200C775BF /* SearchView.swift */,
				48D09A1F2C98243C000328E3 /* BookListRow.swift */,
				483DBC072C9170F300C775BF /* SearchViewModel.swift */,
			);
			path = Result;
			sourceTree = "<group>";
		};
		48D09A302C9AEF68000328E3 /* ResultDetail */ = {
			isa = PBXGroup;
			children = (
				48D09A2D2C9AE905000328E3 /* SearchResultDetailView.swift */,
				48D09A322C9AF071000328E3 /* SearchResultDetailViewModel.swift */,
			);
			path = ResultDetail;
			sourceTree = "<group>";
		};
		48D09A312C9AEF95000328E3 /* CustomView */ = {
			isa = PBXGroup;
			children = (
				48D09A212C9825D9000328E3 /* BookCover.swift */,
				48D09A342C9B2123000328E3 /* RratingHeartView.swift */,
				48D09A3E2C9C093F000328E3 /* RadioButton.swift */,
				483975E32CA68DC8004C495A /* GIFView.swift */,
				483976052CA8536F004C495A /* ToastView.swift */,
			);
			path = CustomView;
			sourceTree = "<group>";
		};
		48D09A392C9BEF5A000328E3 /* EditBook */ = {
			isa = PBXGroup;
			children = (
				48D09A3A2C9BEF88000328E3 /* EditBookView.swift */,
				48D09A3C2C9BFF64000328E3 /* EditBookViewModel.swift */,
			);
			path = EditBook;
			sourceTree = "<group>";
		};
		48D09A402C9C2A44000328E3 /* AddMemo */ = {
			isa = PBXGroup;
			children = (
				48D09A412C9C2AD0000328E3 /* AddMemoView.swift */,
				48D09A5B2C9E6E77000328E3 /* AddMemoViewModel.swift */,
				48D09A4D2C9D63C7000328E3 /* OCRView.swift */,
				48D09A612C9EE11D000328E3 /* CameraService.swift */,
				48D09A632C9EE184000328E3 /* CameraView.swift */,
				48D09A672C9F16D1000328E3 /* MyCanvas.swift */,
				48D09A6F2CA053D3000328E3 /* DrawingView.swift */,
			);
			path = AddMemo;
			sourceTree = "<group>";
		};
		48D09A732CA15E81000328E3 /* MemoList */ = {
			isa = PBXGroup;
			children = (
				48D09A742CA15EA4000328E3 /* MemoList.swift */,
				483975DB2CA570FA004C495A /* MemoListWrapper.swift */,
			);
			path = MemoList;
			sourceTree = "<group>";
		};
		48D09A842CA3CB55000328E3 /* MemoView */ = {
			isa = PBXGroup;
			children = (
				48D09A822CA2F766000328E3 /* MemoView.swift */,
				48D09A852CA3CB7D000328E3 /* MemoViewModel.swift */,
			);
			path = MemoView;
			sourceTree = "<group>";
		};
/* End PBXGroup section */

/* Begin PBXNativeTarget section */
		483DBBC62C90376C00C775BF /* CheakBbang */ = {
			isa = PBXNativeTarget;
			buildConfigurationList = 483DBBD52C90376E00C775BF /* Build configuration list for PBXNativeTarget "CheakBbang" */;
			buildPhases = (
				483DBBC32C90376C00C775BF /* Sources */,
				483DBBC42C90376C00C775BF /* Frameworks */,
				483DBBC52C90376C00C775BF /* Resources */,
				48D09A242C9916C4000328E3 /* Embed Frameworks */,
			);
			buildRules = (
			);
			dependencies = (
			);
			name = CheakBbang;
			packageProductDependencies = (
				483DBBE52C903C9300C775BF /* Alamofire */,
				483DBC2C2C92B72900C775BF /* RealmSwift */,
				48D09A372C9B222D000328E3 /* Cosmos */,
			);
			productName = CheakBbang;
			productReference = 483DBBC72C90376C00C775BF /* CheakBbang.app */;
			productType = "com.apple.product-type.application";
		};
/* End PBXNativeTarget section */

/* Begin PBXProject section */
		483DBBBF2C90376C00C775BF /* Project object */ = {
			isa = PBXProject;
			attributes = {
				BuildIndependentTargetsInParallel = 1;
				LastSwiftUpdateCheck = 1530;
				LastUpgradeCheck = 1530;
				TargetAttributes = {
					483DBBC62C90376C00C775BF = {
						CreatedOnToolsVersion = 15.3;
					};
				};
			};
			buildConfigurationList = 483DBBC22C90376C00C775BF /* Build configuration list for PBXProject "CheakBbang" */;
			compatibilityVersion = "Xcode 14.0";
			developmentRegion = en;
			hasScannedForEncodings = 0;
			knownRegions = (
				en,
				Base,
				ko,
			);
			mainGroup = 483DBBBE2C90376C00C775BF;
			packageReferences = (
				483DBBE42C903C9300C775BF /* XCRemoteSwiftPackageReference "Alamofire" */,
				483DBC2B2C92B72900C775BF /* XCRemoteSwiftPackageReference "realm-swift" */,
				48D09A362C9B222D000328E3 /* XCRemoteSwiftPackageReference "Cosmos" */,
			);
			productRefGroup = 483DBBC82C90376C00C775BF /* Products */;
			projectDirPath = "";
			projectRoot = "";
			targets = (
				483DBBC62C90376C00C775BF /* CheakBbang */,
			);
		};
/* End PBXProject section */

/* Begin PBXResourcesBuildPhase section */
		483DBBC52C90376C00C775BF /* Resources */ = {
			isa = PBXResourcesBuildPhase;
			buildActionMask = 2147483647;
			files = (
				48D09A6C2C9FE209000328E3 /* .gitignore in Resources */,
				483DBBD22C90376E00C775BF /* Preview Assets.xcassets in Resources */,
				483DBBDD2C903A7600C775BF /* Localizable.xcstrings in Resources */,
				483DBBCF2C90376E00C775BF /* Assets.xcassets in Resources */,
				483975E92CA6979C004C495A /* cat_anigif_5sec.gif in Resources */,
				483975E22CA5AE6B004C495A /* BinggraeII.otf in Resources */,
			);
			runOnlyForDeploymentPostprocessing = 0;
		};
/* End PBXResourcesBuildPhase section */

/* Begin PBXSourcesBuildPhase section */
		483DBBC32C90376C00C775BF /* Sources */ = {
			isa = PBXSourcesBuildPhase;
			buildActionMask = 2147483647;
			files = (
				483976062CA8536F004C495A /* ToastView.swift in Sources */,
				48D09A1C2C96D6B1000328E3 /* BookDetailView.swift in Sources */,
				48D09A3F2C9C093F000328E3 /* RadioButton.swift in Sources */,
				48D09A6E2C9FE247000328E3 /* APIKeys.swift in Sources */,
				483975FA2CA7AF3B004C495A /* SettingView.swift in Sources */,
				483DBC0A2C91723D00C775BF /* ViewModelType.swift in Sources */,
				48D09A3B2C9BEF88000328E3 /* EditBookView.swift in Sources */,
				483DBC202C92AD5200C775BF /* MyBookRepository.swift in Sources */,
				483DBC392C94281100C775BF /* ContentView.swift in Sources */,
				48D09A682C9F16D1000328E3 /* MyCanvas.swift in Sources */,
				483975E42CA68DC8004C495A /* GIFView.swift in Sources */,
				48D09A862CA3CB7D000328E3 /* MemoViewModel.swift in Sources */,
				483975FE2CA800CF004C495A /* EditNicknameView.swift in Sources */,
				483DBC3E2C955ACE00C775BF /* LibraryView.swift in Sources */,
				48D09A2C2C997CA8000328E3 /* ReadingState.swift in Sources */,
				48D09A832CA2F766000328E3 /* MemoView.swift in Sources */,
				48D09A192C968163000328E3 /* DesignSystem.swift in Sources */,
				483975F32CA6B28F004C495A /* OnboardingView.swift in Sources */,
				483DBBE02C903AD200C775BF /* CatBookListView.swift in Sources */,
				483976002CA801CF004C495A /* UserDefaultManager.swift in Sources */,
				48D09A152C95D316000328E3 /* MyLibraryView.swift in Sources */,
				483975DF2CA5A7A7004C495A /* FontWrapper.swift in Sources */,
				483DBBFA2C915A9400C775BF /* Book.swift in Sources */,
				48D09A352C9B2123000328E3 /* RratingHeartView.swift in Sources */,
				48D09A422C9C2AD0000328E3 /* AddMemoView.swift in Sources */,
				48D09A132C95D209000328E3 /* LibraryTab.swift in Sources */,
				48D09A6A2C9FB885000328E3 /* TextBubble.swift in Sources */,
				483DBBF72C9154C500C775BF /* NetworkManager.swift in Sources */,
				483975F52CA6D42E004C495A /* ContentViewModel.swift in Sources */,
				483DBC032C916CC200C775BF /* SearchView.swift in Sources */,
				483975FC2CA7BF9D004C495A /* SettingViewModel.swift in Sources */,
				483DBC062C916EC400C775BF /* NavigationLazyView.swift in Sources */,
				483BAE932CAC569E007DABFA /* NotificationPublisher.swift in Sources */,
				48D09A5A2C9E6399000328E3 /* Image+.swift in Sources */,
				483DBC402C955CEF00C775BF /* LibraryViewModel.swift in Sources */,
				48D09A332C9AF071000328E3 /* SearchResultDetailViewModel.swift in Sources */,
				48D09A642C9EE184000328E3 /* CameraView.swift in Sources */,
				483DBC0D2C91789100C775BF /* AddBookView.swift in Sources */,
				483DBC082C9170F300C775BF /* SearchViewModel.swift in Sources */,
				48D09A5C2C9E6E77000328E3 /* AddMemoViewModel.swift in Sources */,
				483DBBFE2C9160CF00C775BF /* TargetType.swift in Sources */,
				48D09A772CA27EDC000328E3 /* View+.swift in Sources */,
				48D09A792CA29D08000328E3 /* UIApplication+.swift in Sources */,
				483DBC2A2C92B6EA00C775BF /* PhotoFileManager.swift in Sources */,
				483976042CA85347004C495A /* ToastModifier.swift in Sources */,
				48D09A622C9EE11D000328E3 /* CameraService.swift in Sources */,
				483DBC1E2C92A2A900C775BF /* MyBook.swift in Sources */,
				48D09A222C9825D9000328E3 /* BookCover.swift in Sources */,
				483DBC332C93276A00C775BF /* AsyncImageWrapper.swift in Sources */,
				483DBC0F2C917A0E00C775BF /* AddBookViewModel.swift in Sources */,
				48D09A2E2C9AE905000328E3 /* SearchResultDetailView.swift in Sources */,
				483DBC352C932A1A00C775BF /* ButtonWrapper.swift in Sources */,
				48D09A702CA053D3000328E3 /* DrawingView.swift in Sources */,
				483BAE952CAD5FB3007DABFA /* MyBookDTO.swift in Sources */,
				48D09A722CA05FB8000328E3 /* FullCapsuleButton.swift in Sources */,
				48D09A282C991E1A000328E3 /* CaplusButton.swift in Sources */,
				483DBC2F2C92E32D00C775BF /* String+.swift in Sources */,
				483DBC3B2C94301300C775BF /* CatBookListViewModel.swift in Sources */,
				483DBBCB2C90376C00C775BF /* CheakBbangApp.swift in Sources */,
				48D09A752CA15EA4000328E3 /* MemoList.swift in Sources */,
				48D09A1E2C9732F7000328E3 /* BookDetailViewModel.swift in Sources */,
				48D09A2A2C9965CE000328E3 /* Date+.swift in Sources */,
				48D09A172C967D80000328E3 /* AllLibraryView.swift in Sources */,
				483DBC372C93469500C775BF /* AddBookAniView.swift in Sources */,
				48D09A4E2C9D63C7000328E3 /* OCRView.swift in Sources */,
				483975DC2CA570FA004C495A /* MemoListWrapper.swift in Sources */,
				483DBBE92C903D1200C775BF /* BookRouter.swift in Sources */,
				48D09A202C98243C000328E3 /* BookListRow.swift in Sources */,
				483BAE972CAFC0B3007DABFA /* AppVersionManager.swift in Sources */,
				48D09A882CA3DF0E000328E3 /* URL+.swift in Sources */,
				483976082CA85390004C495A /* Toast.swift in Sources */,
				48D09A3D2C9BFF64000328E3 /* EditBookViewModel.swift in Sources */,
			);
			runOnlyForDeploymentPostprocessing = 0;
		};
/* End PBXSourcesBuildPhase section */

/* Begin XCBuildConfiguration section */
		483DBBD32C90376E00C775BF /* Debug */ = {
			isa = XCBuildConfiguration;
			buildSettings = {
				ALWAYS_SEARCH_USER_PATHS = NO;
				ASSETCATALOG_COMPILER_GENERATE_SWIFT_ASSET_SYMBOL_EXTENSIONS = YES;
				CLANG_ANALYZER_NONNULL = YES;
				CLANG_ANALYZER_NUMBER_OBJECT_CONVERSION = YES_AGGRESSIVE;
				CLANG_CXX_LANGUAGE_STANDARD = "gnu++20";
				CLANG_ENABLE_MODULES = YES;
				CLANG_ENABLE_OBJC_ARC = YES;
				CLANG_ENABLE_OBJC_WEAK = YES;
				CLANG_WARN_BLOCK_CAPTURE_AUTORELEASING = YES;
				CLANG_WARN_BOOL_CONVERSION = YES;
				CLANG_WARN_COMMA = YES;
				CLANG_WARN_CONSTANT_CONVERSION = YES;
				CLANG_WARN_DEPRECATED_OBJC_IMPLEMENTATIONS = YES;
				CLANG_WARN_DIRECT_OBJC_ISA_USAGE = YES_ERROR;
				CLANG_WARN_DOCUMENTATION_COMMENTS = YES;
				CLANG_WARN_EMPTY_BODY = YES;
				CLANG_WARN_ENUM_CONVERSION = YES;
				CLANG_WARN_INFINITE_RECURSION = YES;
				CLANG_WARN_INT_CONVERSION = YES;
				CLANG_WARN_NON_LITERAL_NULL_CONVERSION = YES;
				CLANG_WARN_OBJC_IMPLICIT_RETAIN_SELF = YES;
				CLANG_WARN_OBJC_LITERAL_CONVERSION = YES;
				CLANG_WARN_OBJC_ROOT_CLASS = YES_ERROR;
				CLANG_WARN_QUOTED_INCLUDE_IN_FRAMEWORK_HEADER = YES;
				CLANG_WARN_RANGE_LOOP_ANALYSIS = YES;
				CLANG_WARN_STRICT_PROTOTYPES = YES;
				CLANG_WARN_SUSPICIOUS_MOVE = YES;
				CLANG_WARN_UNGUARDED_AVAILABILITY = YES_AGGRESSIVE;
				CLANG_WARN_UNREACHABLE_CODE = YES;
				CLANG_WARN__DUPLICATE_METHOD_MATCH = YES;
				COPY_PHASE_STRIP = NO;
				DEBUG_INFORMATION_FORMAT = dwarf;
				ENABLE_STRICT_OBJC_MSGSEND = YES;
				ENABLE_TESTABILITY = YES;
				ENABLE_USER_SCRIPT_SANDBOXING = YES;
				GCC_C_LANGUAGE_STANDARD = gnu17;
				GCC_DYNAMIC_NO_PIC = NO;
				GCC_NO_COMMON_BLOCKS = YES;
				GCC_OPTIMIZATION_LEVEL = 0;
				GCC_PREPROCESSOR_DEFINITIONS = (
					"DEBUG=1",
					"$(inherited)",
				);
				GCC_WARN_64_TO_32_BIT_CONVERSION = YES;
				GCC_WARN_ABOUT_RETURN_TYPE = YES_ERROR;
				GCC_WARN_UNDECLARED_SELECTOR = YES;
				GCC_WARN_UNINITIALIZED_AUTOS = YES_AGGRESSIVE;
				GCC_WARN_UNUSED_FUNCTION = YES;
				GCC_WARN_UNUSED_VARIABLE = YES;
				IPHONEOS_DEPLOYMENT_TARGET = 17.4;
				LOCALIZATION_PREFERS_STRING_CATALOGS = YES;
				MTL_ENABLE_DEBUG_INFO = INCLUDE_SOURCE;
				MTL_FAST_MATH = YES;
				ONLY_ACTIVE_ARCH = YES;
				SDKROOT = iphoneos;
				SWIFT_ACTIVE_COMPILATION_CONDITIONS = "DEBUG $(inherited)";
				SWIFT_OPTIMIZATION_LEVEL = "-Onone";
			};
			name = Debug;
		};
		483DBBD42C90376E00C775BF /* Release */ = {
			isa = XCBuildConfiguration;
			buildSettings = {
				ALWAYS_SEARCH_USER_PATHS = NO;
				ASSETCATALOG_COMPILER_GENERATE_SWIFT_ASSET_SYMBOL_EXTENSIONS = YES;
				CLANG_ANALYZER_NONNULL = YES;
				CLANG_ANALYZER_NUMBER_OBJECT_CONVERSION = YES_AGGRESSIVE;
				CLANG_CXX_LANGUAGE_STANDARD = "gnu++20";
				CLANG_ENABLE_MODULES = YES;
				CLANG_ENABLE_OBJC_ARC = YES;
				CLANG_ENABLE_OBJC_WEAK = YES;
				CLANG_WARN_BLOCK_CAPTURE_AUTORELEASING = YES;
				CLANG_WARN_BOOL_CONVERSION = YES;
				CLANG_WARN_COMMA = YES;
				CLANG_WARN_CONSTANT_CONVERSION = YES;
				CLANG_WARN_DEPRECATED_OBJC_IMPLEMENTATIONS = YES;
				CLANG_WARN_DIRECT_OBJC_ISA_USAGE = YES_ERROR;
				CLANG_WARN_DOCUMENTATION_COMMENTS = YES;
				CLANG_WARN_EMPTY_BODY = YES;
				CLANG_WARN_ENUM_CONVERSION = YES;
				CLANG_WARN_INFINITE_RECURSION = YES;
				CLANG_WARN_INT_CONVERSION = YES;
				CLANG_WARN_NON_LITERAL_NULL_CONVERSION = YES;
				CLANG_WARN_OBJC_IMPLICIT_RETAIN_SELF = YES;
				CLANG_WARN_OBJC_LITERAL_CONVERSION = YES;
				CLANG_WARN_OBJC_ROOT_CLASS = YES_ERROR;
				CLANG_WARN_QUOTED_INCLUDE_IN_FRAMEWORK_HEADER = YES;
				CLANG_WARN_RANGE_LOOP_ANALYSIS = YES;
				CLANG_WARN_STRICT_PROTOTYPES = YES;
				CLANG_WARN_SUSPICIOUS_MOVE = YES;
				CLANG_WARN_UNGUARDED_AVAILABILITY = YES_AGGRESSIVE;
				CLANG_WARN_UNREACHABLE_CODE = YES;
				CLANG_WARN__DUPLICATE_METHOD_MATCH = YES;
				COPY_PHASE_STRIP = NO;
				DEBUG_INFORMATION_FORMAT = "dwarf-with-dsym";
				ENABLE_NS_ASSERTIONS = NO;
				ENABLE_STRICT_OBJC_MSGSEND = YES;
				ENABLE_USER_SCRIPT_SANDBOXING = YES;
				GCC_C_LANGUAGE_STANDARD = gnu17;
				GCC_NO_COMMON_BLOCKS = YES;
				GCC_WARN_64_TO_32_BIT_CONVERSION = YES;
				GCC_WARN_ABOUT_RETURN_TYPE = YES_ERROR;
				GCC_WARN_UNDECLARED_SELECTOR = YES;
				GCC_WARN_UNINITIALIZED_AUTOS = YES_AGGRESSIVE;
				GCC_WARN_UNUSED_FUNCTION = YES;
				GCC_WARN_UNUSED_VARIABLE = YES;
				IPHONEOS_DEPLOYMENT_TARGET = 17.4;
				LOCALIZATION_PREFERS_STRING_CATALOGS = YES;
				MTL_ENABLE_DEBUG_INFO = NO;
				MTL_FAST_MATH = YES;
				SDKROOT = iphoneos;
				SWIFT_COMPILATION_MODE = wholemodule;
				VALIDATE_PRODUCT = YES;
			};
			name = Release;
		};
		483DBBD62C90376E00C775BF /* Debug */ = {
			isa = XCBuildConfiguration;
			buildSettings = {
				ASSETCATALOG_COMPILER_APPICON_NAME = AppIcon;
				ASSETCATALOG_COMPILER_GLOBAL_ACCENT_COLOR_NAME = AccentColor;
				CODE_SIGN_STYLE = Automatic;
				CURRENT_PROJECT_VERSION = 1;
				DEVELOPMENT_ASSET_PATHS = "\"CheakBbang/Preview Content\"";
				DEVELOPMENT_TEAM = U4HJYQP2ZD;
				ENABLE_PREVIEWS = YES;
				GENERATE_INFOPLIST_FILE = YES;
				INFOPLIST_FILE = CheakBbang/Info.plist;
				INFOPLIST_KEY_CFBundleDisplayName = "책빵";
				INFOPLIST_KEY_NSCameraUsageDescription = "메모에 사진 등록을 위해서 카메라 이용을 허용해주세요.";
				INFOPLIST_KEY_NSPhotoLibraryUsageDescription = "메모의 사진 등록을 위해서 갤러리의 사진을 허용해주세요.";
				INFOPLIST_KEY_UIApplicationSceneManifest_Generation = YES;
				INFOPLIST_KEY_UIApplicationSupportsIndirectInputEvents = YES;
				INFOPLIST_KEY_UISupportedInterfaceOrientations = UIInterfaceOrientationPortrait;
				INFOPLIST_KEY_UISupportedInterfaceOrientations_iPad = "UIInterfaceOrientationLandscapeLeft UIInterfaceOrientationLandscapeRight UIInterfaceOrientationPortrait UIInterfaceOrientationPortraitUpsideDown";
				INFOPLIST_KEY_UIUserInterfaceStyle = Light;
				IPHONEOS_DEPLOYMENT_TARGET = 16.0;
				LD_RUNPATH_SEARCH_PATHS = (
					"$(inherited)",
					"@executable_path/Frameworks",
				);
				MARKETING_VERSION = 1.0.4;
				PRODUCT_BUNDLE_IDENTIFIER = com.dahyun.CheakBbang;
				PRODUCT_NAME = "$(TARGET_NAME)";
				SUPPORTED_PLATFORMS = "iphoneos iphonesimulator";
				SUPPORTS_MACCATALYST = NO;
				SUPPORTS_MAC_DESIGNED_FOR_IPHONE_IPAD = NO;
				SUPPORTS_XR_DESIGNED_FOR_IPHONE_IPAD = NO;
				SWIFT_EMIT_LOC_STRINGS = YES;
				SWIFT_VERSION = 5.0;
				TARGETED_DEVICE_FAMILY = 1;
			};
			name = Debug;
		};
		483DBBD72C90376E00C775BF /* Release */ = {
			isa = XCBuildConfiguration;
			buildSettings = {
				ASSETCATALOG_COMPILER_APPICON_NAME = AppIcon;
				ASSETCATALOG_COMPILER_GLOBAL_ACCENT_COLOR_NAME = AccentColor;
				CODE_SIGN_STYLE = Automatic;
				CURRENT_PROJECT_VERSION = 1;
				DEVELOPMENT_ASSET_PATHS = "\"CheakBbang/Preview Content\"";
				DEVELOPMENT_TEAM = U4HJYQP2ZD;
				ENABLE_PREVIEWS = YES;
				GENERATE_INFOPLIST_FILE = YES;
				INFOPLIST_FILE = CheakBbang/Info.plist;
				INFOPLIST_KEY_CFBundleDisplayName = "책빵";
				INFOPLIST_KEY_NSCameraUsageDescription = "메모에 사진 등록을 위해서 카메라 이용을 허용해주세요.";
				INFOPLIST_KEY_NSPhotoLibraryUsageDescription = "메모의 사진 등록을 위해서 갤러리의 사진을 허용해주세요.";
				INFOPLIST_KEY_UIApplicationSceneManifest_Generation = YES;
				INFOPLIST_KEY_UIApplicationSupportsIndirectInputEvents = YES;
				INFOPLIST_KEY_UISupportedInterfaceOrientations = UIInterfaceOrientationPortrait;
				INFOPLIST_KEY_UISupportedInterfaceOrientations_iPad = "UIInterfaceOrientationLandscapeLeft UIInterfaceOrientationLandscapeRight UIInterfaceOrientationPortrait UIInterfaceOrientationPortraitUpsideDown";
				INFOPLIST_KEY_UIUserInterfaceStyle = Light;
				IPHONEOS_DEPLOYMENT_TARGET = 16.0;
				LD_RUNPATH_SEARCH_PATHS = (
					"$(inherited)",
					"@executable_path/Frameworks",
				);
				MARKETING_VERSION = 1.0.4;
				PRODUCT_BUNDLE_IDENTIFIER = com.dahyun.CheakBbang;
				PRODUCT_NAME = "$(TARGET_NAME)";
				SUPPORTED_PLATFORMS = "iphoneos iphonesimulator";
				SUPPORTS_MACCATALYST = NO;
				SUPPORTS_MAC_DESIGNED_FOR_IPHONE_IPAD = NO;
				SUPPORTS_XR_DESIGNED_FOR_IPHONE_IPAD = NO;
				SWIFT_EMIT_LOC_STRINGS = YES;
				SWIFT_VERSION = 5.0;
				TARGETED_DEVICE_FAMILY = 1;
			};
			name = Release;
		};
/* End XCBuildConfiguration section */

/* Begin XCConfigurationList section */
		483DBBC22C90376C00C775BF /* Build configuration list for PBXProject "CheakBbang" */ = {
			isa = XCConfigurationList;
			buildConfigurations = (
				483DBBD32C90376E00C775BF /* Debug */,
				483DBBD42C90376E00C775BF /* Release */,
			);
			defaultConfigurationIsVisible = 0;
			defaultConfigurationName = Release;
		};
		483DBBD52C90376E00C775BF /* Build configuration list for PBXNativeTarget "CheakBbang" */ = {
			isa = XCConfigurationList;
			buildConfigurations = (
				483DBBD62C90376E00C775BF /* Debug */,
				483DBBD72C90376E00C775BF /* Release */,
			);
			defaultConfigurationIsVisible = 0;
			defaultConfigurationName = Release;
		};
/* End XCConfigurationList section */

/* Begin XCRemoteSwiftPackageReference section */
		483DBBE42C903C9300C775BF /* XCRemoteSwiftPackageReference "Alamofire" */ = {
			isa = XCRemoteSwiftPackageReference;
			repositoryURL = "https://github.com/Alamofire/Alamofire.git";
			requirement = {
				kind = upToNextMajorVersion;
				minimumVersion = 5.9.1;
			};
		};
		483DBC2B2C92B72900C775BF /* XCRemoteSwiftPackageReference "realm-swift" */ = {
			isa = XCRemoteSwiftPackageReference;
			repositoryURL = "https://github.com/realm/realm-swift.git";
			requirement = {
				kind = exactVersion;
				version = 20.0.0;
			};
		};
		48D09A362C9B222D000328E3 /* XCRemoteSwiftPackageReference "Cosmos" */ = {
			isa = XCRemoteSwiftPackageReference;
			repositoryURL = "https://github.com/evgenyneu/Cosmos.git";
			requirement = {
				kind = upToNextMajorVersion;
				minimumVersion = 25.0.1;
			};
		};
/* End XCRemoteSwiftPackageReference section */

/* Begin XCSwiftPackageProductDependency section */
		483DBBE52C903C9300C775BF /* Alamofire */ = {
			isa = XCSwiftPackageProductDependency;
			package = 483DBBE42C903C9300C775BF /* XCRemoteSwiftPackageReference "Alamofire" */;
			productName = Alamofire;
		};
		483DBC2C2C92B72900C775BF /* RealmSwift */ = {
			isa = XCSwiftPackageProductDependency;
			package = 483DBC2B2C92B72900C775BF /* XCRemoteSwiftPackageReference "realm-swift" */;
			productName = RealmSwift;
		};
		48D09A372C9B222D000328E3 /* Cosmos */ = {
			isa = XCSwiftPackageProductDependency;
			package = 48D09A362C9B222D000328E3 /* XCRemoteSwiftPackageReference "Cosmos" */;
			productName = Cosmos;
		};
/* End XCSwiftPackageProductDependency section */
	};
	rootObject = 483DBBBF2C90376C00C775BF /* Project object */;
}
